
Microsoft Visual Studio Solution File, Format Version 12.00
# Visual Studio 16
Project("{FAE04EC0-301F-11D3-BF4B-00C04F79EFBC}") = "Assembly-CSharp", "Assembly-CSharp.csproj", "{300334E2-5D34-4195-0F22-272D70FF4BE5}"
EndProject
Project("{FAE04EC0-301F-11D3-BF4B-00C04F79EFBC}") = "Assembly-CSharp-firstpass", "Assembly-CSharp-firstpass.csproj", "{E1FD450F-C05F-0C36-B53A-3363D483556A}"
EndProject
Project("{FAE04EC0-301F-11D3-BF4B-00C04F79EFBC}") = "Assembly-CSharp-Editor-firstpass", "Assembly-CSharp-Editor-firstpass.csproj", "{F92FB26D-CD2F-0B80-43BD-AD3E02B5C2EB}"
EndProject
Global
	GlobalSection(SolutionConfigurationPlatforms) = preSolution
		Debug|Any CPU = Debug|Any CPU
		Release|Any CPU = Release|Any CPU
	EndGlobalSection
	GlobalSection(ProjectConfigurationPlatforms) = postSolution
		{300334E2-5D34-4195-0F22-272D70FF4BE5}.Debug|Any CPU.ActiveCfg = Debug|Any CPU
		{300334E2-5D34-4195-0F22-272D70FF4BE5}.Debug|Any CPU.Build.0 = Debug|Any CPU
		{300334E2-5D34-4195-0F22-272D70FF4BE5}.Release|Any CPU.ActiveCfg = Release|Any CPU
		{300334E2-5D34-4195-0F22-272D70FF4BE5}.Release|Any CPU.Build.0 = Release|Any CPU
		{E1FD450F-C05F-0C36-B53A-3363D483556A}.Debug|Any CPU.ActiveCfg = Debug|Any CPU
		{E1FD450F-C05F-0C36-B53A-3363D483556A}.Debug|Any CPU.Build.0 = Debug|Any CPU
		{E1FD450F-C05F-0C36-B53A-3363D483556A}.Release|Any CPU.ActiveCfg = Release|Any CPU
		{E1FD450F-C05F-0C36-B53A-3363D483556A}.Release|Any CPU.Build.0 = Release|Any CPU
		{F92FB26D-CD2F-0B80-43BD-AD3E02B5C2EB}.Debug|Any CPU.ActiveCfg = Debug|Any CPU
		{F92FB26D-CD2F-0B80-43BD-AD3E02B5C2EB}.Debug|Any CPU.Build.0 = Debug|Any CPU
		{F92FB26D-CD2F-0B80-43BD-AD3E02B5C2EB}.Release|Any CPU.ActiveCfg = Release|Any CPU
		{F92FB26D-CD2F-0B80-43BD-AD3E02B5C2EB}.Release|Any CPU.Build.0 = Release|Any CPU
	EndGlobalSection
	GlobalSection(SolutionProperties) = preSolution
		HideSolutionNode = FALSE
	EndGlobalSection
EndGlobal
